
Microsoft Visual Studio Solution File, Format Version 12.00
# Visual Studio 15
VisualStudioVersion = 15.0.26124.0
MinimumVisualStudioVersion = 15.0.26124.0
Project("{FAE04EC0-301F-11D3-BF4B-00C04F79EFBC}") = "Framework", "Framework\Framework.csproj", "{2F3D25E1-8165-447C-8922-E9E2B9F1766B}"
EndProject
Project("{FAE04EC0-301F-11D3-BF4B-00C04F79EFBC}") = "SampleSite", "SampleSite\SampleSite.csproj", "{8170B6FB-C818-46E0-A33E-3409D708D42E}"
EndProject
Project("{FAE04EC0-301F-11D3-BF4B-00C04F79EFBC}") = "SampleSite.Tests", "SampleSite.Tests\SampleSite.Tests.csproj", "{18D690CA-F3E9-48E3-B515-BB758C3DC09E}"
EndProject
Global
	GlobalSection(SolutionConfigurationPlatforms) = preSolution
		Debug|Any CPU = Debug|Any CPU
		Debug|x64 = Debug|x64
		Debug|x86 = Debug|x86
		Release|Any CPU = Release|Any CPU
		Release|x64 = Release|x64
		Release|x86 = Release|x86
	EndGlobalSection
	GlobalSection(SolutionProperties) = preSolution
		HideSolutionNode = FALSE
	EndGlobalSection
	GlobalSection(ProjectConfigurationPlatforms) = postSolution
		{2F3D25E1-8165-447C-8922-E9E2B9F1766B}.Debug|Any CPU.ActiveCfg = Debug|Any CPU
		{2F3D25E1-8165-447C-8922-E9E2B9F1766B}.Debug|Any CPU.Build.0 = Debug|Any CPU
		{2F3D25E1-8165-447C-8922-E9E2B9F1766B}.Debug|x64.ActiveCfg = Debug|Any CPU
		{2F3D25E1-8165-447C-8922-E9E2B9F1766B}.Debug|x64.Build.0 = Debug|Any CPU
		{2F3D25E1-8165-447C-8922-E9E2B9F1766B}.Debug|x86.ActiveCfg = Debug|Any CPU
		{2F3D25E1-8165-447C-8922-E9E2B9F1766B}.Debug|x86.Build.0 = Debug|Any CPU
		{2F3D25E1-8165-447C-8922-E9E2B9F1766B}.Release|Any CPU.ActiveCfg = Release|Any CPU
		{2F3D25E1-8165-447C-8922-E9E2B9F1766B}.Release|Any CPU.Build.0 = Release|Any CPU
		{2F3D25E1-8165-447C-8922-E9E2B9F1766B}.Release|x64.ActiveCfg = Release|Any CPU
		{2F3D25E1-8165-447C-8922-E9E2B9F1766B}.Release|x64.Build.0 = Release|Any CPU
		{2F3D25E1-8165-447C-8922-E9E2B9F1766B}.Release|x86.ActiveCfg = Release|Any CPU
		{2F3D25E1-8165-447C-8922-E9E2B9F1766B}.Release|x86.Build.0 = Release|Any CPU
		{8170B6FB-C818-46E0-A33E-3409D708D42E}.Debug|Any CPU.ActiveCfg = Debug|Any CPU
		{8170B6FB-C818-46E0-A33E-3409D708D42E}.Debug|Any CPU.Build.0 = Debug|Any CPU
		{8170B6FB-C818-46E0-A33E-3409D708D42E}.Debug|x64.ActiveCfg = Debug|Any CPU
		{8170B6FB-C818-46E0-A33E-3409D708D42E}.Debug|x64.Build.0 = Debug|Any CPU
		{8170B6FB-C818-46E0-A33E-3409D708D42E}.Debug|x86.ActiveCfg = Debug|Any CPU
		{8170B6FB-C818-46E0-A33E-3409D708D42E}.Debug|x86.Build.0 = Debug|Any CPU
		{8170B6FB-C818-46E0-A33E-3409D708D42E}.Release|Any CPU.ActiveCfg = Release|Any CPU
		{8170B6FB-C818-46E0-A33E-3409D708D42E}.Release|Any CPU.Build.0 = Release|Any CPU
		{8170B6FB-C818-46E0-A33E-3409D708D42E}.Release|x64.ActiveCfg = Release|Any CPU
		{8170B6FB-C818-46E0-A33E-3409D708D42E}.Release|x64.Build.0 = Release|Any CPU
		{8170B6FB-C818-46E0-A33E-3409D708D42E}.Release|x86.ActiveCfg = Release|Any CPU
		{8170B6FB-C818-46E0-A33E-3409D708D42E}.Release|x86.Build.0 = Release|Any CPU
		{18D690CA-F3E9-48E3-B515-BB758C3DC09E}.Debug|Any CPU.ActiveCfg = Debug|Any CPU
		{18D690CA-F3E9-48E3-B515-BB758C3DC09E}.Debug|Any CPU.Build.0 = Debug|Any CPU
		{18D690CA-F3E9-48E3-B515-BB758C3DC09E}.Debug|x64.ActiveCfg = Debug|Any CPU
		{18D690CA-F3E9-48E3-B515-BB758C3DC09E}.Debug|x64.Build.0 = Debug|Any CPU
		{18D690CA-F3E9-48E3-B515-BB758C3DC09E}.Debug|x86.ActiveCfg = Debug|Any CPU
		{18D690CA-F3E9-48E3-B515-BB758C3DC09E}.Debug|x86.Build.0 = Debug|Any CPU
		{18D690CA-F3E9-48E3-B515-BB758C3DC09E}.Release|Any CPU.ActiveCfg = Release|Any CPU
		{18D690CA-F3E9-48E3-B515-BB758C3DC09E}.Release|Any CPU.Build.0 = Release|Any CPU
		{18D690CA-F3E9-48E3-B515-BB758C3DC09E}.Release|x64.ActiveCfg = Release|Any CPU
		{18D690CA-F3E9-48E3-B515-BB758C3DC09E}.Release|x64.Build.0 = Release|Any CPU
		{18D690CA-F3E9-48E3-B515-BB758C3DC09E}.Release|x86.ActiveCfg = Release|Any CPU
		{18D690CA-F3E9-48E3-B515-BB758C3DC09E}.Release|x86.Build.0 = Release|Any CPU
	EndGlobalSection
EndGlobal
